
Microsoft Visual Studio Solution File, Format Version 12.00
# Visual Studio Version 16
VisualStudioVersion = 16.0.30907.101
MinimumVisualStudioVersion = 10.0.40219.1
Project("{FAE04EC0-301F-11D3-BF4B-00C04F79EFBC}") = "Employees_event", "Employees_event\Employees_event.csproj", "{FCA008FE-898E-4BFB-B76A-EB187292F824}"
EndProject
Global
	GlobalSection(SolutionConfigurationPlatforms) = preSolution
		Debug|Any CPU = Debug|Any CPU
		Release|Any CPU = Release|Any CPU
	EndGlobalSection
	GlobalSection(ProjectConfigurationPlatforms) = postSolution
		{FCA008FE-898E-4BFB-B76A-EB187292F824}.Debug|Any CPU.ActiveCfg = Debug|Any CPU
		{FCA008FE-898E-4BFB-B76A-EB187292F824}.Debug|Any CPU.Build.0 = Debug|Any CPU
		{FCA008FE-898E-4BFB-B76A-EB187292F824}.Release|Any CPU.ActiveCfg = Release|Any CPU
		{FCA008FE-898E-4BFB-B76A-EB187292F824}.Release|Any CPU.Build.0 = Release|Any CPU
	EndGlobalSection
	GlobalSection(SolutionProperties) = preSolution
		HideSolutionNode = FALSE
	EndGlobalSection
	GlobalSection(ExtensibilityGlobals) = postSolution
		SolutionGuid = {F160A527-91A9-4614-BDF8-58233E411710}
	EndGlobalSection
EndGlobal
