
Microsoft Visual Studio Solution File, Format Version 12.00
# Visual Studio Version 16
VisualStudioVersion = 16.0.30907.101
MinimumVisualStudioVersion = 10.0.40219.1
Project("{FAE04EC0-301F-11D3-BF4B-00C04F79EFBC}") = "Mathematical_Calculations", "Mathematical_Calculations\Mathematical_Calculations.csproj", "{DCC84A0E-CFAD-42B7-9433-9A216ABB6154}"
EndProject
Global
	GlobalSection(SolutionConfigurationPlatforms) = preSolution
		Debug|Any CPU = Debug|Any CPU
		Release|Any CPU = Release|Any CPU
	EndGlobalSection
	GlobalSection(ProjectConfigurationPlatforms) = postSolution
		{DCC84A0E-CFAD-42B7-9433-9A216ABB6154}.Debug|Any CPU.ActiveCfg = Debug|Any CPU
		{DCC84A0E-CFAD-42B7-9433-9A216ABB6154}.Debug|Any CPU.Build.0 = Debug|Any CPU
		{DCC84A0E-CFAD-42B7-9433-9A216ABB6154}.Release|Any CPU.ActiveCfg = Release|Any CPU
		{DCC84A0E-CFAD-42B7-9433-9A216ABB6154}.Release|Any CPU.Build.0 = Release|Any CPU
	EndGlobalSection
	GlobalSection(SolutionProperties) = preSolution
		HideSolutionNode = FALSE
	EndGlobalSection
	GlobalSection(ExtensibilityGlobals) = postSolution
		SolutionGuid = {2C90E824-E2BF-4297-9CE4-C31D277DB469}
	EndGlobalSection
EndGlobal
